<?xml version="1.0" encoding="utf-8"?>
<Project ToolsVersion="4.0" xmlns="http://schemas.microsoft.com/developer/msbuild/2003">
  <ItemGroup>
    <Filter Include="Source">
      <UniqueIdentifier>{8b7ed093-66ce-4096-96d2-fbb9faa4bf52}</UniqueIdentifier>
    </Filter>
    <Filter Include="Source\Modules">
      <UniqueIdentifier>{7b418be2-1631-4a31-9ef2-8a8b234a7339}</UniqueIdentifier>
    </Filter>
    <Filter Include="Source\Tools">
      <UniqueIdentifier>{7e4dfaf7-022c-4f7d-92aa-f3b3fa9d6248}</UniqueIdentifier>
    </Filter>
    <Filter Include="Source\Tools\GUI">
      <UniqueIdentifier>{54189451-1982-439a-9ecd-59d08fd8d29c}</UniqueIdentifier>
    </Filter>
    <Filter Include="Source\Tools\pcg">
      <UniqueIdentifier>{81d7a536-6244-460d-8bf8-932eac7d99c5}</UniqueIdentifier>
    </Filter>
    <Filter Include="Source\Modules\GameLogic">
      <UniqueIdentifier>{83f46af7-e02f-40c0-9e56-41d76082527b}</UniqueIdentifier>
    </Filter>
    <Filter Include="Source\Modules\Utilities">
      <UniqueIdentifier>{82d48ee8-4d0e-467f-8cbc-48ed50dd392e}</UniqueIdentifier>
    </Filter>
    <Filter Include="Source\Modules\Objects">
      <UniqueIdentifier>{3525823e-24ba-42d6-a254-34ae1c308690}</UniqueIdentifier>
    </Filter>
    <Filter Include="Source\Modules\Objects\Components">
      <UniqueIdentifier>{b0f2f073-f558-468c-be37-2b482c0f11d3}</UniqueIdentifier>
    </Filter>
    <Filter Include="Source\Modules\Objects\GameObjects">
      <UniqueIdentifier>{673905ac-cd3b-46b9-9d42-04b5db8fad3b}</UniqueIdentifier>
    </Filter>
    <Filter Include="Source\Modules\Objects\Managers">
      <UniqueIdentifier>{0d4b1c43-d035-4e53-8409-76a485fd0076}</UniqueIdentifier>
    </Filter>
    <Filter Include="Source\Modules\Objects\GameObjects\Template">
      <UniqueIdentifier>{8c4ec64b-97fd-4050-9792-261a9a2ca2df}</UniqueIdentifier>
    </Filter>
    <Filter Include="Source\Modules\Objects\Resources">
      <UniqueIdentifier>{b2d8de6c-f669-462d-bfee-93ba80f03981}</UniqueIdentifier>
    </Filter>
    <Filter Include="Source\Modules\Basic">
      <UniqueIdentifier>{6b6ed6ff-14f7-41b9-818b-52d631e0a017}</UniqueIdentifier>
    </Filter>
    <Filter Include="Source\Modules\Objects\Components\helper">
      <UniqueIdentifier>{390fd344-c8f1-4f58-84d3-191b3812c0fd}</UniqueIdentifier>
    </Filter>
    <Filter Include="Source\Modules\Objects\helper">
      <UniqueIdentifier>{dea3f1b1-dbb8-4e36-8f49-edee8a5ca4e9}</UniqueIdentifier>
    </Filter>
    <Filter Include="Source\Modules\Objects\Resources\Helper">
      <UniqueIdentifier>{41158fea-cb3e-4eb0-ae50-3be4efed87d6}</UniqueIdentifier>
    </Filter>
    <Filter Include="Source\Modules\Particles">
      <UniqueIdentifier>{fa2139e7-a954-4905-9c3d-506e470deaf2}</UniqueIdentifier>
    </Filter>
  </ItemGroup>
  <ItemGroup>
    <ClInclude Include="Timer.h">
      <Filter>Source\Tools</Filter>
    </ClInclude>
    <ClInclude Include="imgui\imconfig.h">
      <Filter>Source\Tools\GUI</Filter>
    </ClInclude>
    <ClInclude Include="imgui\imgui.h">
      <Filter>Source\Tools\GUI</Filter>
    </ClInclude>
    <ClInclude Include="imgui\imgui_impl_sdl.h">
      <Filter>Source\Tools\GUI</Filter>
    </ClInclude>
    <ClInclude Include="imgui\imgui_internal.h">
      <Filter>Source\Tools\GUI</Filter>
    </ClInclude>
    <ClInclude Include="imgui\imstb_rectpack.h">
      <Filter>Source\Tools\GUI</Filter>
    </ClInclude>
    <ClInclude Include="imgui\imstb_textedit.h">
      <Filter>Source\Tools\GUI</Filter>
    </ClInclude>
    <ClInclude Include="imgui\imstb_truetype.h">
      <Filter>Source\Tools\GUI</Filter>
    </ClInclude>
    <ClInclude Include="Color.h">
      <Filter>Source\Tools</Filter>
    </ClInclude>
    <ClInclude Include="SmileApp.h">
      <Filter>Source</Filter>
    </ClInclude>
    <ClInclude Include="SmileSetup.h">
      <Filter>Source</Filter>
    </ClInclude>
    <ClInclude Include="SmileScene.h">
      <Filter>Source\Modules\GameLogic</Filter>
    </ClInclude>
    <ClInclude Include="pcg\include\pcg_extras.hpp">
      <Filter>Source\Tools\pcg</Filter>
    </ClInclude>
    <ClInclude Include="pcg\include\pcg_random.hpp">
      <Filter>Source\Tools\pcg</Filter>
    </ClInclude>
    <ClInclude Include="pcg\include\pcg_uint128.hpp">
      <Filter>Source\Tools\pcg</Filter>
    </ClInclude>
    <ClInclude Include="imgui\imgui_impl_opengl3.h">
      <Filter>Source\Tools\GUI</Filter>
    </ClInclude>
    <ClInclude Include="SmileUtilitiesModule.h">
      <Filter>Source\Modules\Utilities</Filter>
    </ClInclude>
    <ClInclude Include="JSONParser.h">
      <Filter>Source\Modules\Utilities</Filter>
    </ClInclude>
    <ClInclude Include="Utility.h">
      <Filter>Source\Modules\Utilities</Filter>
    </ClInclude>
    <ClInclude Include="RNG.h">
      <Filter>Source\Modules\Utilities</Filter>
    </ClInclude>
    <ClInclude Include="glmath.h">
      <Filter>Source\Tools</Filter>
    </ClInclude>
    <ClInclude Include="SmileGui.h">
      <Filter>Source\Modules\Basic</Filter>
    </ClInclude>
    <ClInclude Include="SmileInput.h">
      <Filter>Source\Modules\Basic</Filter>
    </ClInclude>
    <ClInclude Include="SmileRenderer3D.h">
      <Filter>Source\Modules\Basic</Filter>
    </ClInclude>
    <ClInclude Include="SmileWindow.h">
      <Filter>Source\Modules\Basic</Filter>
    </ClInclude>
    <ClInclude Include="Component.h">
      <Filter>Source\Modules\Objects\Components</Filter>
    </ClInclude>
    <ClInclude Include="ComponentMesh.h">
      <Filter>Source\Modules\Objects\Components</Filter>
    </ClInclude>
    <ClInclude Include="ComponentTransform.h">
      <Filter>Source\Modules\Objects\Components</Filter>
    </ClInclude>
    <ClInclude Include="ComponentTypes.h">
      <Filter>Source\Modules\Objects\Components\helper</Filter>
    </ClInclude>
    <ClInclude Include="SafetyHandler.h">
      <Filter>Source\Tools</Filter>
    </ClInclude>
    <ClInclude Include="ComponentMaterial.h">
      <Filter>Source\Modules\Objects\Components</Filter>
    </ClInclude>
    <ClInclude Include="SmileModule.h">
      <Filter>Source</Filter>
    </ClInclude>
    <ClInclude Include="SmileGameObjectManager.h">
      <Filter>Source\Modules\Objects\Managers</Filter>
    </ClInclude>
    <ClInclude Include="SmileFBX.h">
      <Filter>Source\Modules\Objects\Managers</Filter>
    </ClInclude>
    <ClInclude Include="GameObject.h">
      <Filter>Source\Modules\Objects\GameObjects\Template</Filter>
    </ClInclude>
    <ClInclude Include="ComponentCamera.h">
      <Filter>Source\Modules\Objects\Components</Filter>
    </ClInclude>
    <ClInclude Include="imgui\ImGuizmo.h">
      <Filter>Source\Tools\GUI</Filter>
    </ClInclude>
    <ClInclude Include="SmileResourceManager.h">
      <Filter>Source\Modules\Objects\Managers</Filter>
    </ClInclude>
    <ClInclude Include="Resource.h">
      <Filter>Source\Modules\Objects\Resources</Filter>
    </ClInclude>
    <ClInclude Include="SmileSerialization.h">
      <Filter>Source\Modules\Objects\Managers</Filter>
    </ClInclude>
    <ClInclude Include="SmileGameTimeManager.h">
      <Filter>Source\Tools</Filter>
    </ClInclude>
    <ClInclude Include="ResourceMesh.h">
      <Filter>Source\Modules\Objects\Resources</Filter>
    </ClInclude>
    <ClInclude Include="ResourceTexture.h">
      <Filter>Source\Modules\Objects\Resources</Filter>
    </ClInclude>
    <ClInclude Include="parshapes\par_shapes.h">
      <Filter>Source\Tools</Filter>
    </ClInclude>
    <ClInclude Include="Resource_Include.h">
      <Filter>Source\Modules\Objects\Resources\Helper</Filter>
    </ClInclude>
    <ClInclude Include="Component_Include.h">
      <Filter>Source\Modules\Objects\Components\helper</Filter>
    </ClInclude>
    <ClInclude Include="Resources_Components_Include.h">
      <Filter>Source\Modules\Objects\helper</Filter>
    </ClInclude>
    <ClInclude Include="SmileFileSystem.h">
      <Filter>Source\Modules\Objects\Managers</Filter>
    </ClInclude>
    <ClInclude Include="SmileMaterialImporter.h">
      <Filter>Source\Modules\Objects\Managers</Filter>
    </ClInclude>
    <ClInclude Include="SmileSpatialTree.h">
      <Filter>Source\Modules\Basic</Filter>
    </ClInclude>
    <ClInclude Include="ResourceMeshPlane.h">
      <Filter>Source\Modules\Particles</Filter>
    </ClInclude>
    <ClInclude Include="Light.h">
      <Filter>Source\Modules\Particles</Filter>
    </ClInclude>
    <ClInclude Include="FreeTransform.h">
      <Filter>Source\Modules\Particles</Filter>
    </ClInclude>
    <ClInclude Include="FreeBillBoard.h">
      <Filter>Source\Modules\Particles</Filter>
    </ClInclude>
    <ClInclude Include="ComponentParticleEmitter.h">
      <Filter>Source\Modules\Particles</Filter>
    </ClInclude>
  </ItemGroup>
  <ItemGroup>
    <ClCompile Include="Timer.cpp">
      <Filter>Source\Tools</Filter>
    </ClCompile>
    <ClCompile Include="imgui\imgui.cpp">
      <Filter>Source\Tools\GUI</Filter>
    </ClCompile>
    <ClCompile Include="imgui\imgui_demo.cpp">
      <Filter>Source\Tools\GUI</Filter>
    </ClCompile>
    <ClCompile Include="imgui\imgui_draw.cpp">
      <Filter>Source\Tools\GUI</Filter>
    </ClCompile>
    <ClCompile Include="imgui\imgui_impl_sdl.cpp">
      <Filter>Source\Tools\GUI</Filter>
    </ClCompile>
    <ClCompile Include="imgui\imgui_widgets.cpp">
      <Filter>Source\Tools\GUI</Filter>
    </ClCompile>
    <ClCompile Include="Color.cpp">
      <Filter>Source\Tools</Filter>
    </ClCompile>
    <ClCompile Include="SmileApp.cpp">
      <Filter>Source</Filter>
    </ClCompile>
    <ClCompile Include="SmileMain.cpp">
      <Filter>Source</Filter>
    </ClCompile>
    <ClCompile Include="imgui\imgui_impl_opengl3.cpp">
      <Filter>Source\Tools\GUI</Filter>
    </ClCompile>
    <ClCompile Include="SmileUtilitiesModule.cpp">
      <Filter>Source\Modules\Utilities</Filter>
    </ClCompile>
    <ClCompile Include="JSONParser.cpp">
      <Filter>Source\Modules\Utilities</Filter>
    </ClCompile>
    <ClCompile Include="RNG.cpp">
      <Filter>Source\Modules\Utilities</Filter>
    </ClCompile>
    <ClCompile Include="glmath.cpp">
      <Filter>Source\Tools</Filter>
    </ClCompile>
    <ClCompile Include="SmileSetup.cpp">
      <Filter>Source</Filter>
    </ClCompile>
    <ClCompile Include="SmileGui.cpp">
      <Filter>Source\Modules\Basic</Filter>
    </ClCompile>
    <ClCompile Include="SmileInput.cpp">
      <Filter>Source\Modules\Basic</Filter>
    </ClCompile>
    <ClCompile Include="SmileRenderer3D.cpp">
      <Filter>Source\Modules\Basic</Filter>
    </ClCompile>
    <ClCompile Include="SmileWindow.cpp">
      <Filter>Source\Modules\Basic</Filter>
    </ClCompile>
    <ClCompile Include="ComponentTransform.cpp">
      <Filter>Source\Modules\Objects\Components</Filter>
    </ClCompile>
    <ClCompile Include="ComponentMesh.cpp">
      <Filter>Source\Modules\Objects\Components</Filter>
    </ClCompile>
    <ClCompile Include="ComponentMaterial.cpp">
      <Filter>Source\Modules\Objects\Components</Filter>
    </ClCompile>
    <ClCompile Include="SmileScene.cpp">
      <Filter>Source\Modules\GameLogic</Filter>
    </ClCompile>
    <ClCompile Include="SmileFBX.cpp">
      <Filter>Source\Modules\Objects\Managers</Filter>
    </ClCompile>
    <ClCompile Include="SmileGameObjectManager.cpp">
      <Filter>Source\Modules\Objects\Managers</Filter>
    </ClCompile>
    <ClCompile Include="GameObject.cpp">
      <Filter>Source\Modules\Objects\GameObjects\Template</Filter>
    </ClCompile>
    <ClCompile Include="ComponentCamera.cpp">
      <Filter>Source\Modules\Objects\Components</Filter>
    </ClCompile>
    <ClCompile Include="imgui\ImGuizmo.cpp">
      <Filter>Source\Tools\GUI</Filter>
    </ClCompile>
    <ClCompile Include="SmileResourceManager.cpp">
      <Filter>Source\Modules\Objects\Managers</Filter>
    </ClCompile>
    <ClCompile Include="SmileSerialization.cpp">
      <Filter>Source\Modules\Objects\Managers</Filter>
    </ClCompile>
    <ClCompile Include="ResourceMesh.cpp">
      <Filter>Source\Modules\Objects\Resources</Filter>
    </ClCompile>
    <ClCompile Include="ResourceTexture.cpp">
      <Filter>Source\Modules\Objects\Resources</Filter>
    </ClCompile>
    <ClCompile Include="parshapes\par_shapes.cpp">
      <Filter>Source\Tools</Filter>
    </ClCompile>
    <ClCompile Include="SmileFileSystem.cpp">
      <Filter>Source\Modules\Objects\Managers</Filter>
    </ClCompile>
    <ClCompile Include="SmileMaterialImporter.cpp">
      <Filter>Source\Modules\Objects\Managers</Filter>
    </ClCompile>
    <ClCompile Include="SmileSpatialTree.cpp">
      <Filter>Source\Modules\Basic</Filter>
    </ClCompile>
    <ClCompile Include="ResourceMeshPlane.cpp">
      <Filter>Source\Modules\Particles</Filter>
    </ClCompile>
    <ClCompile Include="Light.cpp">
      <Filter>Source\Modules\Particles</Filter>
    </ClCompile>
    <ClCompile Include="ComponentParticleEmitter.cpp">
      <Filter>Source\Modules\Particles</Filter>
    </ClCompile>
  </ItemGroup>
</Project>